
Microsoft Visual Studio Solution File, Format Version 12.00
# Visual Studio Version 16
VisualStudioVersion = 16.0.31129.286
MinimumVisualStudioVersion = 10.0.40219.1
Project("{FAE04EC0-301F-11D3-BF4B-00C04F79EFBC}") = "AutoClicker", "AutoClicker\AutoClicker.csproj", "{B8472DCD-9D67-4F00-9474-FEAF817AF36B}"
EndProject
Global
	GlobalSection(SolutionConfigurationPlatforms) = preSolution
		Debug|Any CPU = Debug|Any CPU
		Release|Any CPU = Release|Any CPU
	EndGlobalSection
	GlobalSection(ProjectConfigurationPlatforms) = postSolution
		{B8472DCD-9D67-4F00-9474-FEAF817AF36B}.Debug|Any CPU.ActiveCfg = Debug|Any CPU
		{B8472DCD-9D67-4F00-9474-FEAF817AF36B}.Debug|Any CPU.Build.0 = Debug|Any CPU
		{B8472DCD-9D67-4F00-9474-FEAF817AF36B}.Release|Any CPU.ActiveCfg = Release|Any CPU
		{B8472DCD-9D67-4F00-9474-FEAF817AF36B}.Release|Any CPU.Build.0 = Release|Any CPU
	EndGlobalSection
	GlobalSection(SolutionProperties) = preSolution
		HideSolutionNode = FALSE
	EndGlobalSection
	GlobalSection(ExtensibilityGlobals) = postSolution
		SolutionGuid = {A092F5C5-DE4E-46C6-B377-D68939810676}
	EndGlobalSection
EndGlobal
